// !$*UTF8*$!
{
	archiveVersion = 1;
	classes = {
	};
	objectVersion = 56;
	objects = {

/* Begin PBXBuildFile section */
		0C75C101CA76B3710D381F45 /* Pods_FlavorSafari.framework in Frameworks */ = {isa = PBXBuildFile; fileRef = A4B70868C9411CE353E55DA1 /* Pods_FlavorSafari.framework */; };
		984ADF592A7A56860022638C /* AppDelegate.swift in Sources */ = {isa = PBXBuildFile; fileRef = 984ADF582A7A56860022638C /* AppDelegate.swift */; };
		984ADF5B2A7A56860022638C /* SceneDelegate.swift in Sources */ = {isa = PBXBuildFile; fileRef = 984ADF5A2A7A56860022638C /* SceneDelegate.swift */; };
		984ADF602A7A56860022638C /* Main.storyboard in Resources */ = {isa = PBXBuildFile; fileRef = 984ADF5E2A7A56860022638C /* Main.storyboard */; };
		984ADF622A7A56870022638C /* Assets.xcassets in Resources */ = {isa = PBXBuildFile; fileRef = 984ADF612A7A56870022638C /* Assets.xcassets */; };
		984ADF652A7A56870022638C /* LaunchScreen.storyboard in Resources */ = {isa = PBXBuildFile; fileRef = 984ADF632A7A56870022638C /* LaunchScreen.storyboard */; };
		984ADF712A7A59A70022638C /* OnboardingViewController.swift in Sources */ = {isa = PBXBuildFile; fileRef = 984ADF702A7A59A70022638C /* OnboardingViewController.swift */; };
		984ADF742A7A5C700022638C /* UIView+Extension.swift in Sources */ = {isa = PBXBuildFile; fileRef = 984ADF732A7A5C700022638C /* UIView+Extension.swift */; };
		984ADF782A7A5D890022638C /* OnboardingSlides.swift in Sources */ = {isa = PBXBuildFile; fileRef = 984ADF772A7A5D890022638C /* OnboardingSlides.swift */; };
		984ADF7A2A7A61990022638C /* OnBoardingCollectionViewCell.swift in Sources */ = {isa = PBXBuildFile; fileRef = 984ADF792A7A61990022638C /* OnBoardingCollectionViewCell.swift */; };
		984ADF7C2A7A97CD0022638C /* HomeViewController.swift in Sources */ = {isa = PBXBuildFile; fileRef = 984ADF7B2A7A97CD0022638C /* HomeViewController.swift */; };
		9866CE092AA8A0F4005FA5F9 /* Login.storyboard in Resources */ = {isa = PBXBuildFile; fileRef = 9866CE082AA8A0F4005FA5F9 /* Login.storyboard */; };
		9866CE472AA8A192005FA5F9 /* LoginVC.swift in Sources */ = {isa = PBXBuildFile; fileRef = 9866CE342AA8A192005FA5F9 /* LoginVC.swift */; };
		9866CE482AA8A192005FA5F9 /* DesignableTextField.swift in Sources */ = {isa = PBXBuildFile; fileRef = 9866CE352AA8A192005FA5F9 /* DesignableTextField.swift */; };
		9866CE4A2AA8A192005FA5F9 /* UserPortalVC.swift in Sources */ = {isa = PBXBuildFile; fileRef = 9866CE372AA8A192005FA5F9 /* UserPortalVC.swift */; };
		9866CE4B2AA8A192005FA5F9 /* APIManager.swift in Sources */ = {isa = PBXBuildFile; fileRef = 9866CE382AA8A192005FA5F9 /* APIManager.swift */; };
		9866CE4D2AA8A192005FA5F9 /* SignInVC.swift in Sources */ = {isa = PBXBuildFile; fileRef = 9866CE3B2AA8A192005FA5F9 /* SignInVC.swift */; };
		9866CE4F2AA8A192005FA5F9 /* CountriesList.swift in Sources */ = {isa = PBXBuildFile; fileRef = 9866CE3D2AA8A192005FA5F9 /* CountriesList.swift */; };
		9866CE502AA8A192005FA5F9 /* DashBoardVC.swift in Sources */ = {isa = PBXBuildFile; fileRef = 9866CE3E2AA8A192005FA5F9 /* DashBoardVC.swift */; };
		9866CE532AA8A192005FA5F9 /* ForegtPasswordVC.swift in Sources */ = {isa = PBXBuildFile; fileRef = 9866CE412AA8A192005FA5F9 /* ForegtPasswordVC.swift */; };
		9866CE6E2AA8A7BA005FA5F9 /* PristinaStd.otf in Resources */ = {isa = PBXBuildFile; fileRef = 9866CE5B2AA8A7BA005FA5F9 /* PristinaStd.otf */; };
		9866CE772AA8A7BA005FA5F9 /* Heimat Sans Bold Italic.ttf in Resources */ = {isa = PBXBuildFile; fileRef = 9866CE652AA8A7BA005FA5F9 /* Heimat Sans Bold Italic.ttf */; };
		9866CE7A2AA8A7BA005FA5F9 /* FTLTLT.TTF in Resources */ = {isa = PBXBuildFile; fileRef = 9866CE682AA8A7BA005FA5F9 /* FTLTLT.TTF */; };
		9866CE812AA8B5BA005FA5F9 /* FoodCVC.swift in Sources */ = {isa = PBXBuildFile; fileRef = 9866CE802AA8B5BA005FA5F9 /* FoodCVC.swift */; };
/* End PBXBuildFile section */

/* Begin PBXFileReference section */
		64410803FA26896D236DAE92 /* Pods-FlavorSafari.release.xcconfig */ = {isa = PBXFileReference; includeInIndex = 1; lastKnownFileType = text.xcconfig; name = "Pods-FlavorSafari.release.xcconfig"; path = "Target Support Files/Pods-FlavorSafari/Pods-FlavorSafari.release.xcconfig"; sourceTree = "<group>"; };
		9829371CD4278616265834F1 /* Pods-FlavorSafari.debug.xcconfig */ = {isa = PBXFileReference; includeInIndex = 1; lastKnownFileType = text.xcconfig; name = "Pods-FlavorSafari.debug.xcconfig"; path = "Target Support Files/Pods-FlavorSafari/Pods-FlavorSafari.debug.xcconfig"; sourceTree = "<group>"; };
		984ADF552A7A56860022638C /* FlavorSafari.app */ = {isa = PBXFileReference; explicitFileType = wrapper.application; includeInIndex = 0; path = FlavorSafari.app; sourceTree = BUILT_PRODUCTS_DIR; };
		984ADF582A7A56860022638C /* AppDelegate.swift */ = {isa = PBXFileReference; lastKnownFileType = sourcecode.swift; path = AppDelegate.swift; sourceTree = "<group>"; };
		984ADF5A2A7A56860022638C /* SceneDelegate.swift */ = {isa = PBXFileReference; lastKnownFileType = sourcecode.swift; path = SceneDelegate.swift; sourceTree = "<group>"; };
		984ADF5F2A7A56860022638C /* Base */ = {isa = PBXFileReference; lastKnownFileType = file.storyboard; name = Base; path = Base.lproj/Main.storyboard; sourceTree = "<group>"; };
		984ADF612A7A56870022638C /* Assets.xcassets */ = {isa = PBXFileReference; lastKnownFileType = folder.assetcatalog; path = Assets.xcassets; sourceTree = "<group>"; };
		984ADF642A7A56870022638C /* Base */ = {isa = PBXFileReference; lastKnownFileType = file.storyboard; name = Base; path = Base.lproj/LaunchScreen.storyboard; sourceTree = "<group>"; };
		984ADF662A7A56870022638C /* Info.plist */ = {isa = PBXFileReference; lastKnownFileType = text.plist.xml; path = Info.plist; sourceTree = "<group>"; };
		984ADF702A7A59A70022638C /* OnboardingViewController.swift */ = {isa = PBXFileReference; lastKnownFileType = sourcecode.swift; path = OnboardingViewController.swift; sourceTree = "<group>"; };
		984ADF732A7A5C700022638C /* UIView+Extension.swift */ = {isa = PBXFileReference; lastKnownFileType = sourcecode.swift; path = "UIView+Extension.swift"; sourceTree = "<group>"; };
		984ADF772A7A5D890022638C /* OnboardingSlides.swift */ = {isa = PBXFileReference; lastKnownFileType = sourcecode.swift; path = OnboardingSlides.swift; sourceTree = "<group>"; };
		984ADF792A7A61990022638C /* OnBoardingCollectionViewCell.swift */ = {isa = PBXFileReference; lastKnownFileType = sourcecode.swift; path = OnBoardingCollectionViewCell.swift; sourceTree = "<group>"; };
		984ADF7B2A7A97CD0022638C /* HomeViewController.swift */ = {isa = PBXFileReference; lastKnownFileType = sourcecode.swift; path = HomeViewController.swift; sourceTree = "<group>"; };
		9866CE082AA8A0F4005FA5F9 /* Login.storyboard */ = {isa = PBXFileReference; fileEncoding = 4; lastKnownFileType = file.storyboard; path = Login.storyboard; sourceTree = "<group>"; };
		9866CE342AA8A192005FA5F9 /* LoginVC.swift */ = {isa = PBXFileReference; fileEncoding = 4; lastKnownFileType = sourcecode.swift; path = LoginVC.swift; sourceTree = "<group>"; };
		9866CE352AA8A192005FA5F9 /* DesignableTextField.swift */ = {isa = PBXFileReference; fileEncoding = 4; lastKnownFileType = sourcecode.swift; path = DesignableTextField.swift; sourceTree = "<group>"; };
		9866CE372AA8A192005FA5F9 /* UserPortalVC.swift */ = {isa = PBXFileReference; fileEncoding = 4; lastKnownFileType = sourcecode.swift; path = UserPortalVC.swift; sourceTree = "<group>"; };
		9866CE382AA8A192005FA5F9 /* APIManager.swift */ = {isa = PBXFileReference; fileEncoding = 4; lastKnownFileType = sourcecode.swift; path = APIManager.swift; sourceTree = "<group>"; };
		9866CE3B2AA8A192005FA5F9 /* SignInVC.swift */ = {isa = PBXFileReference; fileEncoding = 4; lastKnownFileType = sourcecode.swift; path = SignInVC.swift; sourceTree = "<group>"; };
		9866CE3D2AA8A192005FA5F9 /* CountriesList.swift */ = {isa = PBXFileReference; fileEncoding = 4; lastKnownFileType = sourcecode.swift; path = CountriesList.swift; sourceTree = "<group>"; };
		9866CE3E2AA8A192005FA5F9 /* DashBoardVC.swift */ = {isa = PBXFileReference; fileEncoding = 4; lastKnownFileType = sourcecode.swift; path = DashBoardVC.swift; sourceTree = "<group>"; };
		9866CE412AA8A192005FA5F9 /* ForegtPasswordVC.swift */ = {isa = PBXFileReference; fileEncoding = 4; lastKnownFileType = sourcecode.swift; path = ForegtPasswordVC.swift; sourceTree = "<group>"; };
		9866CE5B2AA8A7BA005FA5F9 /* PristinaStd.otf */ = {isa = PBXFileReference; lastKnownFileType = file; path = PristinaStd.otf; sourceTree = "<group>"; };
		9866CE652AA8A7BA005FA5F9 /* Heimat Sans Bold Italic.ttf */ = {isa = PBXFileReference; lastKnownFileType = file; path = "Heimat Sans Bold Italic.ttf"; sourceTree = "<group>"; };
		9866CE682AA8A7BA005FA5F9 /* FTLTLT.TTF */ = {isa = PBXFileReference; lastKnownFileType = file; path = FTLTLT.TTF; sourceTree = "<group>"; };
		9866CE802AA8B5BA005FA5F9 /* FoodCVC.swift */ = {isa = PBXFileReference; lastKnownFileType = sourcecode.swift; path = FoodCVC.swift; sourceTree = "<group>"; };
		A4B70868C9411CE353E55DA1 /* Pods_FlavorSafari.framework */ = {isa = PBXFileReference; explicitFileType = wrapper.framework; includeInIndex = 0; path = Pods_FlavorSafari.framework; sourceTree = BUILT_PRODUCTS_DIR; };
/* End PBXFileReference section */

/* Begin PBXFrameworksBuildPhase section */
		984ADF522A7A56860022638C /* Frameworks */ = {
			isa = PBXFrameworksBuildPhase;
			buildActionMask = 2147483647;
			files = (
				0C75C101CA76B3710D381F45 /* Pods_FlavorSafari.framework in Frameworks */,
			);
			runOnlyForDeploymentPostprocessing = 0;
		};
/* End PBXFrameworksBuildPhase section */

/* Begin PBXGroup section */
		984ADF4C2A7A56860022638C = {
			isa = PBXGroup;
			children = (
				984ADF572A7A56860022638C /* FlavorSafari */,
				984ADF562A7A56860022638C /* Products */,
				98962FF9E9CBD0A0236B350C /* Pods */,
				BD27290409C268A24E54CC3E /* Frameworks */,
			);
			sourceTree = "<group>";
		};
		984ADF562A7A56860022638C /* Products */ = {
			isa = PBXGroup;
			children = (
				984ADF552A7A56860022638C /* FlavorSafari.app */,
			);
			name = Products;
			sourceTree = "<group>";
		};
		984ADF572A7A56860022638C /* FlavorSafari */ = {
			isa = PBXGroup;
			children = (
				9866CE7F2AA8A7D3005FA5F9 /* Resources Fonts */,
				9866CE562AA8A6B8005FA5F9 /* LoginScreen */,
				9866CE572AA8A6D6005FA5F9 /* UserDefault */,
				984ADF722A7A5C4D0022638C /* Extensions */,
				984ADF6D2A7A59400022638C /* Views */,
				984ADF6C2A7A59380022638C /* Models */,
				9866CE582AA8A6FC005FA5F9 /* Delegates */,
				984ADF5E2A7A56860022638C /* Main.storyboard */,
				9866CE082AA8A0F4005FA5F9 /* Login.storyboard */,
				984ADF612A7A56870022638C /* Assets.xcassets */,
				984ADF632A7A56870022638C /* LaunchScreen.storyboard */,
				984ADF662A7A56870022638C /* Info.plist */,
			);
			path = FlavorSafari;
			sourceTree = "<group>";
		};
		984ADF6C2A7A59380022638C /* Models */ = {
			isa = PBXGroup;
			children = (
				984ADF772A7A5D890022638C /* OnboardingSlides.swift */,
			);
			path = Models;
			sourceTree = "<group>";
		};
		984ADF6D2A7A59400022638C /* Views */ = {
			isa = PBXGroup;
			children = (
				984ADF6F2A7A59690022638C /* Onboarding */,
			);
			path = Views;
			sourceTree = "<group>";
		};
		984ADF6F2A7A59690022638C /* Onboarding */ = {
			isa = PBXGroup;
			children = (
				984ADF702A7A59A70022638C /* OnboardingViewController.swift */,
				984ADF792A7A61990022638C /* OnBoardingCollectionViewCell.swift */,
				984ADF7B2A7A97CD0022638C /* HomeViewController.swift */,
			);
			path = Onboarding;
			sourceTree = "<group>";
		};
		984ADF722A7A5C4D0022638C /* Extensions */ = {
			isa = PBXGroup;
			children = (
				984ADF732A7A5C700022638C /* UIView+Extension.swift */,
				9866CE352AA8A192005FA5F9 /* DesignableTextField.swift */,
			);
			path = Extensions;
			sourceTree = "<group>";
		};
		9866CE562AA8A6B8005FA5F9 /* LoginScreen */ = {
			isa = PBXGroup;
			children = (
				9866CE342AA8A192005FA5F9 /* LoginVC.swift */,
				9866CE372AA8A192005FA5F9 /* UserPortalVC.swift */,
				9866CE3B2AA8A192005FA5F9 /* SignInVC.swift */,
				9866CE3D2AA8A192005FA5F9 /* CountriesList.swift */,
				9866CE412AA8A192005FA5F9 /* ForegtPasswordVC.swift */,
				9866CE3E2AA8A192005FA5F9 /* DashBoardVC.swift */,
				9866CE802AA8B5BA005FA5F9 /* FoodCVC.swift */,
			);
			path = LoginScreen;
			sourceTree = "<group>";
		};
		9866CE572AA8A6D6005FA5F9 /* UserDefault */ = {
			isa = PBXGroup;
			children = (
				9866CE382AA8A192005FA5F9 /* APIManager.swift */,
			);
			path = UserDefault;
			sourceTree = "<group>";
		};
		9866CE582AA8A6FC005FA5F9 /* Delegates */ = {
			isa = PBXGroup;
			children = (
				984ADF582A7A56860022638C /* AppDelegate.swift */,
				984ADF5A2A7A56860022638C /* SceneDelegate.swift */,
			);
			path = Delegates;
			sourceTree = "<group>";
		};
		9866CE7F2AA8A7D3005FA5F9 /* Resources Fonts */ = {
			isa = PBXGroup;
			children = (
				9866CE652AA8A7BA005FA5F9 /* Heimat Sans Bold Italic.ttf */,
				9866CE5B2AA8A7BA005FA5F9 /* PristinaStd.otf */,
				9866CE682AA8A7BA005FA5F9 /* FTLTLT.TTF */,
			);
			path = "Resources Fonts";
			sourceTree = "<group>";
		};
		98962FF9E9CBD0A0236B350C /* Pods */ = {
			isa = PBXGroup;
			children = (
				9829371CD4278616265834F1 /* Pods-FlavorSafari.debug.xcconfig */,
				64410803FA26896D236DAE92 /* Pods-FlavorSafari.release.xcconfig */,
			);
			path = Pods;
			sourceTree = "<group>";
		};
		BD27290409C268A24E54CC3E /* Frameworks */ = {
			isa = PBXGroup;
			children = (
				A4B70868C9411CE353E55DA1 /* Pods_FlavorSafari.framework */,
			);
			name = Frameworks;
			sourceTree = "<group>";
		};
/* End PBXGroup section */

/* Begin PBXNativeTarget section */
		984ADF542A7A56860022638C /* FlavorSafari */ = {
			isa = PBXNativeTarget;
			buildConfigurationList = 984ADF692A7A56870022638C /* Build configuration list for PBXNativeTarget "FlavorSafari" */;
			buildPhases = (
				BD5333A96719BD392BEC1ABC /* [CP] Check Pods Manifest.lock */,
				984ADF512A7A56860022638C /* Sources */,
				984ADF522A7A56860022638C /* Frameworks */,
				984ADF532A7A56860022638C /* Resources */,
				CC8EE44330802604D1B22FA5 /* [CP] Embed Pods Frameworks */,
			);
			buildRules = (
			);
			dependencies = (
			);
			name = FlavorSafari;
			productName = FlavorSafari;
			productReference = 984ADF552A7A56860022638C /* FlavorSafari.app */;
			productType = "com.apple.product-type.application";
		};
/* End PBXNativeTarget section */

/* Begin PBXProject section */
		984ADF4D2A7A56860022638C /* Project object */ = {
			isa = PBXProject;
			attributes = {
				BuildIndependentTargetsInParallel = 1;
				LastSwiftUpdateCheck = 1430;
				LastUpgradeCheck = 1430;
				TargetAttributes = {
					984ADF542A7A56860022638C = {
						CreatedOnToolsVersion = 14.3.1;
					};
				};
			};
			buildConfigurationList = 984ADF502A7A56860022638C /* Build configuration list for PBXProject "FlavorSafari" */;
			compatibilityVersion = "Xcode 14.0";
			developmentRegion = en;
			hasScannedForEncodings = 0;
			knownRegions = (
				en,
				Base,
			);
			mainGroup = 984ADF4C2A7A56860022638C;
			productRefGroup = 984ADF562A7A56860022638C /* Products */;
			projectDirPath = "";
			projectRoot = "";
			targets = (
				984ADF542A7A56860022638C /* FlavorSafari */,
			);
		};
/* End PBXProject section */

/* Begin PBXResourcesBuildPhase section */
		984ADF532A7A56860022638C /* Resources */ = {
			isa = PBXResourcesBuildPhase;
			buildActionMask = 2147483647;
			files = (
				984ADF652A7A56870022638C /* LaunchScreen.storyboard in Resources */,
				984ADF622A7A56870022638C /* Assets.xcassets in Resources */,
				984ADF602A7A56860022638C /* Main.storyboard in Resources */,
				9866CE772AA8A7BA005FA5F9 /* Heimat Sans Bold Italic.ttf in Resources */,
				9866CE7A2AA8A7BA005FA5F9 /* FTLTLT.TTF in Resources */,
				9866CE092AA8A0F4005FA5F9 /* Login.storyboard in Resources */,
				9866CE6E2AA8A7BA005FA5F9 /* PristinaStd.otf in Resources */,
			);
			runOnlyForDeploymentPostprocessing = 0;
		};
/* End PBXResourcesBuildPhase section */

/* Begin PBXShellScriptBuildPhase section */
		BD5333A96719BD392BEC1ABC /* [CP] Check Pods Manifest.lock */ = {
			isa = PBXShellScriptBuildPhase;
			buildActionMask = 2147483647;
			files = (
			);
			inputFileListPaths = (
			);
			inputPaths = (
				"${PODS_PODFILE_DIR_PATH}/Podfile.lock",
				"${PODS_ROOT}/Manifest.lock",
			);
			name = "[CP] Check Pods Manifest.lock";
			outputFileListPaths = (
			);
			outputPaths = (
				"$(DERIVED_FILE_DIR)/Pods-FlavorSafari-checkManifestLockResult.txt",
			);
			runOnlyForDeploymentPostprocessing = 0;
			shellPath = /bin/sh;
			shellScript = "diff \"${PODS_PODFILE_DIR_PATH}/Podfile.lock\" \"${PODS_ROOT}/Manifest.lock\" > /dev/null\nif [ $? != 0 ] ; then\n    # print error to STDERR\n    echo \"error: The sandbox is not in sync with the Podfile.lock. Run 'pod install' or update your CocoaPods installation.\" >&2\n    exit 1\nfi\n# This output is used by Xcode 'outputs' to avoid re-running this script phase.\necho \"SUCCESS\" > \"${SCRIPT_OUTPUT_FILE_0}\"\n";
			showEnvVarsInLog = 0;
		};
		CC8EE44330802604D1B22FA5 /* [CP] Embed Pods Frameworks */ = {
			isa = PBXShellScriptBuildPhase;
			buildActionMask = 2147483647;
			files = (
			);
			inputFileListPaths = (
				"${PODS_ROOT}/Target Support Files/Pods-FlavorSafari/Pods-FlavorSafari-frameworks-${CONFIGURATION}-input-files.xcfilelist",
			);
			name = "[CP] Embed Pods Frameworks";
			outputFileListPaths = (
				"${PODS_ROOT}/Target Support Files/Pods-FlavorSafari/Pods-FlavorSafari-frameworks-${CONFIGURATION}-output-files.xcfilelist",
			);
			runOnlyForDeploymentPostprocessing = 0;
			shellPath = /bin/sh;
			shellScript = "\"${PODS_ROOT}/Target Support Files/Pods-FlavorSafari/Pods-FlavorSafari-frameworks.sh\"\n";
			showEnvVarsInLog = 0;
		};
/* End PBXShellScriptBuildPhase section */

/* Begin PBXSourcesBuildPhase section */
		984ADF512A7A56860022638C /* Sources */ = {
			isa = PBXSourcesBuildPhase;
			buildActionMask = 2147483647;
			files = (
				9866CE4B2AA8A192005FA5F9 /* APIManager.swift in Sources */,
				984ADF592A7A56860022638C /* AppDelegate.swift in Sources */,
				9866CE502AA8A192005FA5F9 /* DashBoardVC.swift in Sources */,
				984ADF5B2A7A56860022638C /* SceneDelegate.swift in Sources */,
				9866CE4A2AA8A192005FA5F9 /* UserPortalVC.swift in Sources */,
				9866CE4D2AA8A192005FA5F9 /* SignInVC.swift in Sources */,
				9866CE4F2AA8A192005FA5F9 /* CountriesList.swift in Sources */,
				9866CE532AA8A192005FA5F9 /* ForegtPasswordVC.swift in Sources */,
				984ADF782A7A5D890022638C /* OnboardingSlides.swift in Sources */,
				984ADF7A2A7A61990022638C /* OnBoardingCollectionViewCell.swift in Sources */,
				9866CE472AA8A192005FA5F9 /* LoginVC.swift in Sources */,
				984ADF742A7A5C700022638C /* UIView+Extension.swift in Sources */,
				9866CE812AA8B5BA005FA5F9 /* FoodCVC.swift in Sources */,
				9866CE482AA8A192005FA5F9 /* DesignableTextField.swift in Sources */,
				984ADF7C2A7A97CD0022638C /* HomeViewController.swift in Sources */,
				984ADF712A7A59A70022638C /* OnboardingViewController.swift in Sources */,
			);
			runOnlyForDeploymentPostprocessing = 0;
		};
/* End PBXSourcesBuildPhase section */

/* Begin PBXVariantGroup section */
		984ADF5E2A7A56860022638C /* Main.storyboard */ = {
			isa = PBXVariantGroup;
			children = (
				984ADF5F2A7A56860022638C /* Base */,
			);
			name = Main.storyboard;
			sourceTree = "<group>";
		};
		984ADF632A7A56870022638C /* LaunchScreen.storyboard */ = {
			isa = PBXVariantGroup;
			children = (
				984ADF642A7A56870022638C /* Base */,
			);
			name = LaunchScreen.storyboard;
			sourceTree = "<group>";
		};
/* End PBXVariantGroup section */

/* Begin XCBuildConfiguration section */
		984ADF672A7A56870022638C /* Debug */ = {
			isa = XCBuildConfiguration;
			buildSettings = {
				ALWAYS_SEARCH_USER_PATHS = NO;
				CLANG_ANALYZER_NONNULL = YES;
				CLANG_ANALYZER_NUMBER_OBJECT_CONVERSION = YES_AGGRESSIVE;
				CLANG_CXX_LANGUAGE_STANDARD = "gnu++20";
				CLANG_ENABLE_MODULES = YES;
				CLANG_ENABLE_OBJC_ARC = YES;
				CLANG_ENABLE_OBJC_WEAK = YES;
				CLANG_WARN_BLOCK_CAPTURE_AUTORELEASING = YES;
				CLANG_WARN_BOOL_CONVERSION = YES;
				CLANG_WARN_COMMA = YES;
				CLANG_WARN_CONSTANT_CONVERSION = YES;
				CLANG_WARN_DEPRECATED_OBJC_IMPLEMENTATIONS = YES;
				CLANG_WARN_DIRECT_OBJC_ISA_USAGE = YES_ERROR;
				CLANG_WARN_DOCUMENTATION_COMMENTS = YES;
				CLANG_WARN_EMPTY_BODY = YES;
				CLANG_WARN_ENUM_CONVERSION = YES;
				CLANG_WARN_INFINITE_RECURSION = YES;
				CLANG_WARN_INT_CONVERSION = YES;
				CLANG_WARN_NON_LITERAL_NULL_CONVERSION = YES;
				CLANG_WARN_OBJC_IMPLICIT_RETAIN_SELF = YES;
				CLANG_WARN_OBJC_LITERAL_CONVERSION = YES;
				CLANG_WARN_OBJC_ROOT_CLASS = YES_ERROR;
				CLANG_WARN_QUOTED_INCLUDE_IN_FRAMEWORK_HEADER = YES;
				CLANG_WARN_RANGE_LOOP_ANALYSIS = YES;
				CLANG_WARN_STRICT_PROTOTYPES = YES;
				CLANG_WARN_SUSPICIOUS_MOVE = YES;
				CLANG_WARN_UNGUARDED_AVAILABILITY = YES_AGGRESSIVE;
				CLANG_WARN_UNREACHABLE_CODE = YES;
				CLANG_WARN__DUPLICATE_METHOD_MATCH = YES;
				COPY_PHASE_STRIP = NO;
				DEBUG_INFORMATION_FORMAT = dwarf;
				ENABLE_STRICT_OBJC_MSGSEND = YES;
				ENABLE_TESTABILITY = YES;
				GCC_C_LANGUAGE_STANDARD = gnu11;
				GCC_DYNAMIC_NO_PIC = NO;
				GCC_NO_COMMON_BLOCKS = YES;
				GCC_OPTIMIZATION_LEVEL = 0;
				GCC_PREPROCESSOR_DEFINITIONS = (
					"DEBUG=1",
					"$(inherited)",
				);
				GCC_WARN_64_TO_32_BIT_CONVERSION = YES;
				GCC_WARN_ABOUT_RETURN_TYPE = YES_ERROR;
				GCC_WARN_UNDECLARED_SELECTOR = YES;
				GCC_WARN_UNINITIALIZED_AUTOS = YES_AGGRESSIVE;
				GCC_WARN_UNUSED_FUNCTION = YES;
				GCC_WARN_UNUSED_VARIABLE = YES;
				IPHONEOS_DEPLOYMENT_TARGET = 16.4;
				MTL_ENABLE_DEBUG_INFO = INCLUDE_SOURCE;
				MTL_FAST_MATH = YES;
				ONLY_ACTIVE_ARCH = YES;
				SDKROOT = iphoneos;
				SWIFT_ACTIVE_COMPILATION_CONDITIONS = DEBUG;
				SWIFT_OPTIMIZATION_LEVEL = "-Onone";
			};
			name = Debug;
		};
		984ADF682A7A56870022638C /* Release */ = {
			isa = XCBuildConfiguration;
			buildSettings = {
				ALWAYS_SEARCH_USER_PATHS = NO;
				CLANG_ANALYZER_NONNULL = YES;
				CLANG_ANALYZER_NUMBER_OBJECT_CONVERSION = YES_AGGRESSIVE;
				CLANG_CXX_LANGUAGE_STANDARD = "gnu++20";
				CLANG_ENABLE_MODULES = YES;
				CLANG_ENABLE_OBJC_ARC = YES;
				CLANG_ENABLE_OBJC_WEAK = YES;
				CLANG_WARN_BLOCK_CAPTURE_AUTORELEASING = YES;
				CLANG_WARN_BOOL_CONVERSION = YES;
				CLANG_WARN_COMMA = YES;
				CLANG_WARN_CONSTANT_CONVERSION = YES;
				CLANG_WARN_DEPRECATED_OBJC_IMPLEMENTATIONS = YES;
				CLANG_WARN_DIRECT_OBJC_ISA_USAGE = YES_ERROR;
				CLANG_WARN_DOCUMENTATION_COMMENTS = YES;
				CLANG_WARN_EMPTY_BODY = YES;
				CLANG_WARN_ENUM_CONVERSION = YES;
				CLANG_WARN_INFINITE_RECURSION = YES;
				CLANG_WARN_INT_CONVERSION = YES;
				CLANG_WARN_NON_LITERAL_NULL_CONVERSION = YES;
				CLANG_WARN_OBJC_IMPLICIT_RETAIN_SELF = YES;
				CLANG_WARN_OBJC_LITERAL_CONVERSION = YES;
				CLANG_WARN_OBJC_ROOT_CLASS = YES_ERROR;
				CLANG_WARN_QUOTED_INCLUDE_IN_FRAMEWORK_HEADER = YES;
				CLANG_WARN_RANGE_LOOP_ANALYSIS = YES;
				CLANG_WARN_STRICT_PROTOTYPES = YES;
				CLANG_WARN_SUSPICIOUS_MOVE = YES;
				CLANG_WARN_UNGUARDED_AVAILABILITY = YES_AGGRESSIVE;
				CLANG_WARN_UNREACHABLE_CODE = YES;
				CLANG_WARN__DUPLICATE_METHOD_MATCH = YES;
				COPY_PHASE_STRIP = NO;
				DEBUG_INFORMATION_FORMAT = "dwarf-with-dsym";
				ENABLE_NS_ASSERTIONS = NO;
				ENABLE_STRICT_OBJC_MSGSEND = YES;
				GCC_C_LANGUAGE_STANDARD = gnu11;
				GCC_NO_COMMON_BLOCKS = YES;
				GCC_WARN_64_TO_32_BIT_CONVERSION = YES;
				GCC_WARN_ABOUT_RETURN_TYPE = YES_ERROR;
				GCC_WARN_UNDECLARED_SELECTOR = YES;
				GCC_WARN_UNINITIALIZED_AUTOS = YES_AGGRESSIVE;
				GCC_WARN_UNUSED_FUNCTION = YES;
				GCC_WARN_UNUSED_VARIABLE = YES;
				IPHONEOS_DEPLOYMENT_TARGET = 16.4;
				MTL_ENABLE_DEBUG_INFO = NO;
				MTL_FAST_MATH = YES;
				SDKROOT = iphoneos;
				SWIFT_COMPILATION_MODE = wholemodule;
				SWIFT_OPTIMIZATION_LEVEL = "-O";
				VALIDATE_PRODUCT = YES;
			};
			name = Release;
		};
		984ADF6A2A7A56870022638C /* Debug */ = {
			isa = XCBuildConfiguration;
			baseConfigurationReference = 9829371CD4278616265834F1 /* Pods-FlavorSafari.debug.xcconfig */;
			buildSettings = {
				ASSETCATALOG_COMPILER_APPICON_NAME = AppIcon;
				ASSETCATALOG_COMPILER_GLOBAL_ACCENT_COLOR_NAME = AccentColor;
				CODE_SIGN_STYLE = Automatic;
				CURRENT_PROJECT_VERSION = 1;
				DEVELOPMENT_TEAM = V9XTX57GV4;
				GENERATE_INFOPLIST_FILE = YES;
				INFOPLIST_FILE = FlavorSafari/Info.plist;
				INFOPLIST_KEY_UIApplicationSupportsIndirectInputEvents = YES;
				INFOPLIST_KEY_UILaunchStoryboardName = LaunchScreen;
				INFOPLIST_KEY_UIMainStoryboardFile = Main;
				INFOPLIST_KEY_UISupportedInterfaceOrientations_iPad = "UIInterfaceOrientationPortrait UIInterfaceOrientationPortraitUpsideDown UIInterfaceOrientationLandscapeLeft UIInterfaceOrientationLandscapeRight";
				INFOPLIST_KEY_UISupportedInterfaceOrientations_iPhone = "UIInterfaceOrientationPortrait UIInterfaceOrientationLandscapeLeft UIInterfaceOrientationLandscapeRight";
				LD_RUNPATH_SEARCH_PATHS = (
					"$(inherited)",
					"@executable_path/Frameworks",
				);
				MARKETING_VERSION = 1.0;
				PRODUCT_BUNDLE_IDENTIFIER = com.vikram.FlavorSafari;
				PRODUCT_NAME = "$(TARGET_NAME)";
				SWIFT_EMIT_LOC_STRINGS = YES;
				SWIFT_VERSION = 5.0;
				TARGETED_DEVICE_FAMILY = "1,2";
			};
			name = Debug;
		};
		984ADF6B2A7A56870022638C /* Release */ = {
			isa = XCBuildConfiguration;
			baseConfigurationReference = 64410803FA26896D236DAE92 /* Pods-FlavorSafari.release.xcconfig */;
			buildSettings = {
				ASSETCATALOG_COMPILER_APPICON_NAME = AppIcon;
				ASSETCATALOG_COMPILER_GLOBAL_ACCENT_COLOR_NAME = AccentColor;
				CODE_SIGN_STYLE = Automatic;
				CURRENT_PROJECT_VERSION = 1;
				DEVELOPMENT_TEAM = V9XTX57GV4;
				GENERATE_INFOPLIST_FILE = YES;
				INFOPLIST_FILE = FlavorSafari/Info.plist;
				INFOPLIST_KEY_UIApplicationSupportsIndirectInputEvents = YES;
				INFOPLIST_KEY_UILaunchStoryboardName = LaunchScreen;
				INFOPLIST_KEY_UIMainStoryboardFile = Main;
				INFOPLIST_KEY_UISupportedInterfaceOrientations_iPad = "UIInterfaceOrientationPortrait UIInterfaceOrientationPortraitUpsideDown UIInterfaceOrientationLandscapeLeft UIInterfaceOrientationLandscapeRight";
				INFOPLIST_KEY_UISupportedInterfaceOrientations_iPhone = "UIInterfaceOrientationPortrait UIInterfaceOrientationLandscapeLeft UIInterfaceOrientationLandscapeRight";
				LD_RUNPATH_SEARCH_PATHS = (
					"$(inherited)",
					"@executable_path/Frameworks",
				);
				MARKETING_VERSION = 1.0;
				PRODUCT_BUNDLE_IDENTIFIER = com.vikram.FlavorSafari;
				PRODUCT_NAME = "$(TARGET_NAME)";
				SWIFT_EMIT_LOC_STRINGS = YES;
				SWIFT_VERSION = 5.0;
				TARGETED_DEVICE_FAMILY = "1,2";
			};
			name = Release;
		};
/* End XCBuildConfiguration section */

/* Begin XCConfigurationList section */
		984ADF502A7A56860022638C /* Build configuration list for PBXProject "FlavorSafari" */ = {
			isa = XCConfigurationList;
			buildConfigurations = (
				984ADF672A7A56870022638C /* Debug */,
				984ADF682A7A56870022638C /* Release */,
			);
			defaultConfigurationIsVisible = 0;
			defaultConfigurationName = Release;
		};
		984ADF692A7A56870022638C /* Build configuration list for PBXNativeTarget "FlavorSafari" */ = {
			isa = XCConfigurationList;
			buildConfigurations = (
				984ADF6A2A7A56870022638C /* Debug */,
				984ADF6B2A7A56870022638C /* Release */,
			);
			defaultConfigurationIsVisible = 0;
			defaultConfigurationName = Release;
		};
/* End XCConfigurationList section */
	};
	rootObject = 984ADF4D2A7A56860022638C /* Project object */;
}
